{
  "pins" : [
    {
      "identity" : "cwlcatchexception",
      "kind" : "remoteSourceControl",
      "location" : "https://github.com/mattgallagher/CwlCatchException.git",
      "state" : {
        "revision" : "35f9e770f54ce62dd8526470f14c6e137cef3eea",
        "version" : "2.1.1"
      }
    },
    {
      "identity" : "cwlpreconditiontesting",
      "kind" : "remoteSourceControl",
      "location" : "https://github.com/mattgallagher/CwlPreconditionTesting",
      "state" : {
        "revision" : "c21f7bab5ca8eee0a9998bbd17ca1d0eb45d4688",
        "version" : "2.1.0"
      }
    },
    {
      "identity" : "package-benchmark",
      "kind" : "remoteSourceControl",
      "location" : "https://github.com/ordo-one/package-benchmark",
      "state" : {
        "revision" : "81bd87b4eca4c1fff0275fa55fd52b1faf3814d9",
        "version" : "0.8.0"
      }
    },
    {
      "identity" : "package-concurrency-helpers",
      "kind" : "remoteSourceControl",
      "location" : "https://github.com/ordo-one/package-concurrency-helpers",
      "state" : {
        "revision" : "50be9af823ee976161141f736926ab2f856e0ca6",
        "version" : "0.0.9"
      }
    },
    {
      "identity" : "package-datetime",
      "kind" : "remoteSourceControl",
      "location" : "https://github.com/ordo-one/package-datetime",
      "state" : {
        "revision" : "9c1e16bfe7683e787161f866ff8b5cbc88089cb4",
        "version" : "0.0.6"
      }
    },
    {
      "identity" : "package-histogram",
      "kind" : "remoteSourceControl",
      "location" : "https://github.com/ordo-one/package-histogram",
      "state" : {
        "revision" : "604410b21ded1ebdf06ad98100f448c68e80f5a1",
        "version" : "0.1.1"
      }
    },
    {
      "identity" : "package-jemalloc",
      "kind" : "remoteSourceControl",
      "location" : "https://github.com/ordo-one/package-jemalloc",
      "state" : {
        "revision" : "e8a5db026963f5bfeac842d9d3f2cc8cde323b49",
        "version" : "1.0.0"
      }
    },
    {
      "identity" : "package-latency-tools",
      "kind" : "remoteSourceControl",
      "location" : "https://github.com/ordo-one/package-latency-tools",
      "state" : {
        "revision" : "bc451c5a3246c26e0d2feb0987427408349a8fe6",
        "version" : "0.0.1"
      }
    },
    {
      "identity" : "swift-argument-parser",
      "kind" : "remoteSourceControl",
      "location" : "https://github.com/apple/swift-argument-parser",
      "state" : {
        "revision" : "fee6933f37fde9a5e12a1e4aeaa93fe60116ff2a",
        "version" : "1.2.2"
      }
    },
    {
      "identity" : "swift-docc-plugin",
      "kind" : "remoteSourceControl",
      "location" : "https://github.com/apple/swift-docc-plugin",
      "state" : {
        "revision" : "10bc670db657d11bdd561e07de30a9041311b2b1",
        "version" : "1.1.0"
      }
    },
    {
      "identity" : "swift-docc-symbolkit",
      "kind" : "remoteSourceControl",
      "location" : "https://github.com/apple/swift-docc-symbolkit",
      "state" : {
        "revision" : "b45d1f2ed151d057b54504d653e0da5552844e34",
        "version" : "1.0.0"
      }
    },
    {
      "identity" : "swift-extras-json",
      "kind" : "remoteSourceControl",
      "location" : "https://github.com/swift-extras/swift-extras-json",
      "state" : {
        "revision" : "122b9454ef01bf89a4c190b8fd3717ddd0a2fbd0",
        "version" : "0.6.0"
      }
    },
    {
      "identity" : "swift-numerics",
      "kind" : "remoteSourceControl",
      "location" : "https://github.com/apple/swift-numerics",
      "state" : {
        "revision" : "0a5bc04095a675662cf24757cc0640aa2204253b",
        "version" : "1.0.2"
      }
    },
    {
      "identity" : "swift-system",
      "kind" : "remoteSourceControl",
      "location" : "https://github.com/apple/swift-system",
      "state" : {
        "revision" : "025bcb1165deab2e20d4eaba79967ce73013f496",
        "version" : "1.2.1"
      }
    },
    {
      "identity" : "texttable",
      "kind" : "remoteSourceControl",
      "location" : "https://github.com/ordo-one/TextTable",
      "state" : {
        "revision" : "a27a07300cf4ae322e0079ca0a475c5583dd575f",
        "version" : "0.0.2"
      }
    }
  ],
  "version" : 2
}
