{
  "pins" : [
    {
      "identity" : "cwlcatchexception",
      "kind" : "remoteSourceControl",
      "location" : "https://github.com/mattgallagher/CwlCatchException.git",
      "state" : {
        "revision" : "35f9e770f54ce62dd8526470f14c6e137cef3eea",
        "version" : "2.1.1"
      }
    },
    {
      "identity" : "cwlpreconditiontesting",
      "kind" : "remoteSourceControl",
      "location" : "https://github.com/mattgallagher/CwlPreconditionTesting",
      "state" : {
        "revision" : "c21f7bab5ca8eee0a9998bbd17ca1d0eb45d4688",
        "version" : "2.1.0"
      }
    },
    {
      "identity" : "package-benchmark",
      "kind" : "remoteSourceControl",
      "location" : "https://github.com/ordo-one/package-benchmark",
      "state" : {
        "revision" : "3b3d46ee240a886d8987938d0c563874e04feeda",
        "version" : "0.9.0"
      }
    },
    {
      "identity" : "package-concurrency-helpers",
      "kind" : "remoteSourceControl",
      "location" : "https://github.com/ordo-one/package-concurrency-helpers",
      "state" : {
        "revision" : "f3dde63a895dcea3edaab06eeb6487ef2fcbe635",
        "version" : "0.0.11"
      }
    },
    {
      "identity" : "package-datetime",
      "kind" : "remoteSourceControl",
      "location" : "https://github.com/ordo-one/package-datetime",
      "state" : {
        "revision" : "9c1e16bfe7683e787161f866ff8b5cbc88089cb4",
        "version" : "0.0.6"
      }
    },
    {
      "identity" : "package-histogram",
      "kind" : "remoteSourceControl",
      "location" : "https://github.com/ordo-one/package-histogram",
      "state" : {
        "revision" : "604410b21ded1ebdf06ad98100f448c68e80f5a1",
        "version" : "0.1.1"
      }
    },
    {
      "identity" : "package-jemalloc",
      "kind" : "remoteSourceControl",
      "location" : "https://github.com/ordo-one/package-jemalloc",
      "state" : {
        "revision" : "e8a5db026963f5bfeac842d9d3f2cc8cde323b49",
        "version" : "1.0.0"
      }
    },
    {
      "identity" : "package-latency-tools",
      "kind" : "remoteSourceControl",
      "location" : "https://github.com/ordo-one/package-latency-tools",
      "state" : {
        "revision" : "93d2be69c484bebb28c5192249d7e1da15236d34",
        "version" : "1.0.0"
      }
    },
    {
      "identity" : "progress.swift",
      "kind" : "remoteSourceControl",
      "location" : "https://github.com/ordo-one/Progress.swift",
      "state" : {
        "revision" : "29dc5dc29d8408f42878b832c7aae38a35ff26ee",
        "version" : "1.0.3"
      }
    },
    {
      "identity" : "swift-argument-parser",
      "kind" : "remoteSourceControl",
      "location" : "https://github.com/apple/swift-argument-parser",
      "state" : {
        "revision" : "fee6933f37fde9a5e12a1e4aeaa93fe60116ff2a",
        "version" : "1.2.2"
      }
    },
    {
      "identity" : "swift-docc-plugin",
      "kind" : "remoteSourceControl",
      "location" : "https://github.com/apple/swift-docc-plugin",
      "state" : {
        "revision" : "9b1258905c21fc1b97bf03d1b4ca12c4ec4e5fda",
        "version" : "1.2.0"
      }
    },
    {
      "identity" : "swift-docc-symbolkit",
      "kind" : "remoteSourceControl",
      "location" : "https://github.com/apple/swift-docc-symbolkit",
      "state" : {
        "revision" : "b45d1f2ed151d057b54504d653e0da5552844e34",
        "version" : "1.0.0"
      }
    },
    {
      "identity" : "swift-extras-json",
      "kind" : "remoteSourceControl",
      "location" : "https://github.com/swift-extras/swift-extras-json",
      "state" : {
        "revision" : "122b9454ef01bf89a4c190b8fd3717ddd0a2fbd0",
        "version" : "0.6.0"
      }
    },
    {
      "identity" : "swift-numerics",
      "kind" : "remoteSourceControl",
      "location" : "https://github.com/apple/swift-numerics",
      "state" : {
        "revision" : "0a5bc04095a675662cf24757cc0640aa2204253b",
        "version" : "1.0.2"
      }
    },
    {
      "identity" : "swift-system",
      "kind" : "remoteSourceControl",
      "location" : "https://github.com/apple/swift-system",
      "state" : {
        "revision" : "025bcb1165deab2e20d4eaba79967ce73013f496",
        "version" : "1.2.1"
      }
    },
    {
      "identity" : "texttable",
      "kind" : "remoteSourceControl",
      "location" : "https://github.com/ordo-one/TextTable",
      "state" : {
        "revision" : "a27a07300cf4ae322e0079ca0a475c5583dd575f",
        "version" : "0.0.2"
      }
    }
  ],
  "version" : 2
}
